// !$*UTF8*$!
{
	archiveVersion = 1;
	classes = {
	};
	objectVersion = 50;
	objects = {

/* Begin PBXBuildFile section */
		33F2C20A2384FB85006405DE /* AppDelegate.swift in Sources */ = {isa = PBXBuildFile; fileRef = 33F2C2092384FB85006405DE /* AppDelegate.swift */; };
		33F2C20C2384FB85006405DE /* SceneDelegate.swift in Sources */ = {isa = PBXBuildFile; fileRef = 33F2C20B2384FB85006405DE /* SceneDelegate.swift */; };
		33F2C20E2384FB85006405DE /* ContentView.swift in Sources */ = {isa = PBXBuildFile; fileRef = 33F2C20D2384FB85006405DE /* ContentView.swift */; };
		33F2C2102384FB87006405DE /* Assets.xcassets in Resources */ = {isa = PBXBuildFile; fileRef = 33F2C20F2384FB87006405DE /* Assets.xcassets */; };
		33F2C2132384FB87006405DE /* Preview Assets.xcassets in Resources */ = {isa = PBXBuildFile; fileRef = 33F2C2122384FB87006405DE /* Preview Assets.xcassets */; };
		33F2C2162384FB87006405DE /* LaunchScreen.storyboard in Resources */ = {isa = PBXBuildFile; fileRef = 33F2C2142384FB87006405DE /* LaunchScreen.storyboard */; };
/* End PBXBuildFile section */

/* Begin PBXFileReference section */
		33F2C2062384FB85006405DE /* SwiftUI_3rd_test.app */ = {isa = PBXFileReference; explicitFileType = wrapper.application; includeInIndex = 0; path = SwiftUI_3rd_test.app; sourceTree = BUILT_PRODUCTS_DIR; };
		33F2C2092384FB85006405DE /* AppDelegate.swift */ = {isa = PBXFileReference; lastKnownFileType = sourcecode.swift; path = AppDelegate.swift; sourceTree = "<group>"; };
		33F2C20B2384FB85006405DE /* SceneDelegate.swift */ = {isa = PBXFileReference; lastKnownFileType = sourcecode.swift; path = SceneDelegate.swift; sourceTree = "<group>"; };
		33F2C20D2384FB85006405DE /* ContentView.swift */ = {isa = PBXFileReference; lastKnownFileType = sourcecode.swift; path = ContentView.swift; sourceTree = "<group>"; };
		33F2C20F2384FB87006405DE /* Assets.xcassets */ = {isa = PBXFileReference; lastKnownFileType = folder.assetcatalog; path = Assets.xcassets; sourceTree = "<group>"; };
		33F2C2122384FB87006405DE /* Preview Assets.xcassets */ = {isa = PBXFileReference; lastKnownFileType = folder.assetcatalog; path = "Preview Assets.xcassets"; sourceTree = "<group>"; };
		33F2C2152384FB87006405DE /* Base */ = {isa = PBXFileReference; lastKnownFileType = file.storyboard; name = Base; path = Base.lproj/LaunchScreen.storyboard; sourceTree = "<group>"; };
		33F2C2172384FB87006405DE /* Info.plist */ = {isa = PBXFileReference; lastKnownFileType = text.plist.xml; path = Info.plist; sourceTree = "<group>"; };
/* End PBXFileReference section */

/* Begin PBXFrameworksBuildPhase section */
		33F2C2032384FB85006405DE /* Frameworks */ = {
			isa = PBXFrameworksBuildPhase;
			buildActionMask = 2147483647;
			files = (
			);
			runOnlyForDeploymentPostprocessing = 0;
		};
/* End PBXFrameworksBuildPhase section */

/* Begin PBXGroup section */
		33F2C1FD2384FB85006405DE = {
			isa = PBXGroup;
			children = (
				33F2C2082384FB85006405DE /* SwiftUI_3rd_test */,
				33F2C2072384FB85006405DE /* Products */,
			);
			sourceTree = "<group>";
		};
		33F2C2072384FB85006405DE /* Products */ = {
			isa = PBXGroup;
			children = (
				33F2C2062384FB85006405DE /* SwiftUI_3rd_test.app */,
			);
			name = Products;
			sourceTree = "<group>";
		};
		33F2C2082384FB85006405DE /* SwiftUI_3rd_test */ = {
			isa = PBXGroup;
			children = (
				33F2C2092384FB85006405DE /* AppDelegate.swift */,
				33F2C20B2384FB85006405DE /* SceneDelegate.swift */,
				33F2C20D2384FB85006405DE /* ContentView.swift */,
				33F2C20F2384FB87006405DE /* Assets.xcassets */,
				33F2C2142384FB87006405DE /* LaunchScreen.storyboard */,
				33F2C2172384FB87006405DE /* Info.plist */,
				33F2C2112384FB87006405DE /* Preview Content */,
			);
			path = SwiftUI_3rd_test;
			sourceTree = "<group>";
		};
		33F2C2112384FB87006405DE /* Preview Content */ = {
			isa = PBXGroup;
			children = (
				33F2C2122384FB87006405DE /* Preview Assets.xcassets */,
			);
			path = "Preview Content";
			sourceTree = "<group>";
		};
/* End PBXGroup section */

/* Begin PBXNativeTarget section */
		33F2C2052384FB85006405DE /* SwiftUI_3rd_test */ = {
			isa = PBXNativeTarget;
			buildConfigurationList = 33F2C21A2384FB87006405DE /* Build configuration list for PBXNativeTarget "SwiftUI_3rd_test" */;
			buildPhases = (
				33F2C2022384FB85006405DE /* Sources */,
				33F2C2032384FB85006405DE /* Frameworks */,
				33F2C2042384FB85006405DE /* Resources */,
			);
			buildRules = (
			);
			dependencies = (
			);
			name = SwiftUI_3rd_test;
			productName = SwiftUI_3rd_test;
			productReference = 33F2C2062384FB85006405DE /* SwiftUI_3rd_test.app */;
			productType = "com.apple.product-type.application";
		};
/* End PBXNativeTarget section */

/* Begin PBXProject section */
		33F2C1FE2384FB85006405DE /* Project object */ = {
			isa = PBXProject;
			attributes = {
				LastSwiftUpdateCheck = 1120;
				LastUpgradeCheck = 1120;
				ORGANIZATIONNAME = "양팀장(iMac)";
				TargetAttributes = {
					33F2C2052384FB85006405DE = {
						CreatedOnToolsVersion = 11.2.1;
					};
				};
			};
			buildConfigurationList = 33F2C2012384FB85006405DE /* Build configuration list for PBXProject "SwiftUI_3rd_test" */;
			compatibilityVersion = "Xcode 9.3";
			developmentRegion = en;
			hasScannedForEncodings = 0;
			knownRegions = (
				en,
				Base,
			);
			mainGroup = 33F2C1FD2384FB85006405DE;
			productRefGroup = 33F2C2072384FB85006405DE /* Products */;
			projectDirPath = "";
			projectRoot = "";
			targets = (
				33F2C2052384FB85006405DE /* SwiftUI_3rd_test */,
			);
		};
/* End PBXProject section */

/* Begin PBXResourcesBuildPhase section */
		33F2C2042384FB85006405DE /* Resources */ = {
			isa = PBXResourcesBuildPhase;
			buildActionMask = 2147483647;
			files = (
				33F2C2162384FB87006405DE /* LaunchScreen.storyboard in Resources */,
				33F2C2132384FB87006405DE /* Preview Assets.xcassets in Resources */,
				33F2C2102384FB87006405DE /* Assets.xcassets in Resources */,
			);
			runOnlyForDeploymentPostprocessing = 0;
		};
/* End PBXResourcesBuildPhase section */

/* Begin PBXSourcesBuildPhase section */
		33F2C2022384FB85006405DE /* Sources */ = {
			isa = PBXSourcesBuildPhase;
			buildActionMask = 2147483647;
			files = (
				33F2C20A2384FB85006405DE /* AppDelegate.swift in Sources */,
				33F2C20C2384FB85006405DE /* SceneDelegate.swift in Sources */,
				33F2C20E2384FB85006405DE /* ContentView.swift in Sources */,
			);
			runOnlyForDeploymentPostprocessing = 0;
		};
/* End PBXSourcesBuildPhase section */

/* Begin PBXVariantGroup section */
		33F2C2142384FB87006405DE /* LaunchScreen.storyboard */ = {
			isa = PBXVariantGroup;
			children = (
				33F2C2152384FB87006405DE /* Base */,
			);
			name = LaunchScreen.storyboard;
			sourceTree = "<group>";
		};
/* End PBXVariantGroup section */

/* Begin XCBuildConfiguration section */
		33F2C2182384FB87006405DE /* Debug */ = {
			isa = XCBuildConfiguration;
			buildSettings = {
				ALWAYS_SEARCH_USER_PATHS = NO;
				CLANG_ANALYZER_NONNULL = YES;
				CLANG_ANALYZER_NUMBER_OBJECT_CONVERSION = YES_AGGRESSIVE;
				CLANG_CXX_LANGUAGE_STANDARD = "gnu++14";
				CLANG_CXX_LIBRARY = "libc++";
				CLANG_ENABLE_MODULES = YES;
				CLANG_ENABLE_OBJC_ARC = YES;
				CLANG_ENABLE_OBJC_WEAK = YES;
				CLANG_WARN_BLOCK_CAPTURE_AUTORELEASING = YES;
				CLANG_WARN_BOOL_CONVERSION = YES;
				CLANG_WARN_COMMA = YES;
				CLANG_WARN_CONSTANT_CONVERSION = YES;
				CLANG_WARN_DEPRECATED_OBJC_IMPLEMENTATIONS = YES;
				CLANG_WARN_DIRECT_OBJC_ISA_USAGE = YES_ERROR;
				CLANG_WARN_DOCUMENTATION_COMMENTS = YES;
				CLANG_WARN_EMPTY_BODY = YES;
				CLANG_WARN_ENUM_CONVERSION = YES;
				CLANG_WARN_INFINITE_RECURSION = YES;
				CLANG_WARN_INT_CONVERSION = YES;
				CLANG_WARN_NON_LITERAL_NULL_CONVERSION = YES;
				CLANG_WARN_OBJC_IMPLICIT_RETAIN_SELF = YES;
				CLANG_WARN_OBJC_LITERAL_CONVERSION = YES;
				CLANG_WARN_OBJC_ROOT_CLASS = YES_ERROR;
				CLANG_WARN_RANGE_LOOP_ANALYSIS = YES;
				CLANG_WARN_STRICT_PROTOTYPES = YES;
				CLANG_WARN_SUSPICIOUS_MOVE = YES;
				CLANG_WARN_UNGUARDED_AVAILABILITY = YES_AGGRESSIVE;
				CLANG_WARN_UNREACHABLE_CODE = YES;
				CLANG_WARN__DUPLICATE_METHOD_MATCH = YES;
				COPY_PHASE_STRIP = NO;
				DEBUG_INFORMATION_FORMAT = dwarf;
				ENABLE_STRICT_OBJC_MSGSEND = YES;
				ENABLE_TESTABILITY = YES;
				GCC_C_LANGUAGE_STANDARD = gnu11;
				GCC_DYNAMIC_NO_PIC = NO;
				GCC_NO_COMMON_BLOCKS = YES;
				GCC_OPTIMIZATION_LEVEL = 0;
				GCC_PREPROCESSOR_DEFINITIONS = (
					"DEBUG=1",
					"$(inherited)",
				);
				GCC_WARN_64_TO_32_BIT_CONVERSION = YES;
				GCC_WARN_ABOUT_RETURN_TYPE = YES_ERROR;
				GCC_WARN_UNDECLARED_SELECTOR = YES;
				GCC_WARN_UNINITIALIZED_AUTOS = YES_AGGRESSIVE;
				GCC_WARN_UNUSED_FUNCTION = YES;
				GCC_WARN_UNUSED_VARIABLE = YES;
				IPHONEOS_DEPLOYMENT_TARGET = 13.2;
				MTL_ENABLE_DEBUG_INFO = INCLUDE_SOURCE;
				MTL_FAST_MATH = YES;
				ONLY_ACTIVE_ARCH = YES;
				SDKROOT = iphoneos;
				SWIFT_ACTIVE_COMPILATION_CONDITIONS = DEBUG;
				SWIFT_OPTIMIZATION_LEVEL = "-Onone";
			};
			name = Debug;
		};
		33F2C2192384FB87006405DE /* Release */ = {
			isa = XCBuildConfiguration;
			buildSettings = {
				ALWAYS_SEARCH_USER_PATHS = NO;
				CLANG_ANALYZER_NONNULL = YES;
				CLANG_ANALYZER_NUMBER_OBJECT_CONVERSION = YES_AGGRESSIVE;
				CLANG_CXX_LANGUAGE_STANDARD = "gnu++14";
				CLANG_CXX_LIBRARY = "libc++";
				CLANG_ENABLE_MODULES = YES;
				CLANG_ENABLE_OBJC_ARC = YES;
				CLANG_ENABLE_OBJC_WEAK = YES;
				CLANG_WARN_BLOCK_CAPTURE_AUTORELEASING = YES;
				CLANG_WARN_BOOL_CONVERSION = YES;
				CLANG_WARN_COMMA = YES;
				CLANG_WARN_CONSTANT_CONVERSION = YES;
				CLANG_WARN_DEPRECATED_OBJC_IMPLEMENTATIONS = YES;
				CLANG_WARN_DIRECT_OBJC_ISA_USAGE = YES_ERROR;
				CLANG_WARN_DOCUMENTATION_COMMENTS = YES;
				CLANG_WARN_EMPTY_BODY = YES;
				CLANG_WARN_ENUM_CONVERSION = YES;
				CLANG_WARN_INFINITE_RECURSION = YES;
				CLANG_WARN_INT_CONVERSION = YES;
				CLANG_WARN_NON_LITERAL_NULL_CONVERSION = YES;
				CLANG_WARN_OBJC_IMPLICIT_RETAIN_SELF = YES;
				CLANG_WARN_OBJC_LITERAL_CONVERSION = YES;
				CLANG_WARN_OBJC_ROOT_CLASS = YES_ERROR;
				CLANG_WARN_RANGE_LOOP_ANALYSIS = YES;
				CLANG_WARN_STRICT_PROTOTYPES = YES;
				CLANG_WARN_SUSPICIOUS_MOVE = YES;
				CLANG_WARN_UNGUARDED_AVAILABILITY = YES_AGGRESSIVE;
				CLANG_WARN_UNREACHABLE_CODE = YES;
				CLANG_WARN__DUPLICATE_METHOD_MATCH = YES;
				COPY_PHASE_STRIP = NO;
				DEBUG_INFORMATION_FORMAT = "dwarf-with-dsym";
				ENABLE_NS_ASSERTIONS = NO;
				ENABLE_STRICT_OBJC_MSGSEND = YES;
				GCC_C_LANGUAGE_STANDARD = gnu11;
				GCC_NO_COMMON_BLOCKS = YES;
				GCC_WARN_64_TO_32_BIT_CONVERSION = YES;
				GCC_WARN_ABOUT_RETURN_TYPE = YES_ERROR;
				GCC_WARN_UNDECLARED_SELECTOR = YES;
				GCC_WARN_UNINITIALIZED_AUTOS = YES_AGGRESSIVE;
				GCC_WARN_UNUSED_FUNCTION = YES;
				GCC_WARN_UNUSED_VARIABLE = YES;
				IPHONEOS_DEPLOYMENT_TARGET = 13.2;
				MTL_ENABLE_DEBUG_INFO = NO;
				MTL_FAST_MATH = YES;
				SDKROOT = iphoneos;
				SWIFT_COMPILATION_MODE = wholemodule;
				SWIFT_OPTIMIZATION_LEVEL = "-O";
				VALIDATE_PRODUCT = YES;
			};
			name = Release;
		};
		33F2C21B2384FB87006405DE /* Debug */ = {
			isa = XCBuildConfiguration;
			buildSettings = {
				ASSETCATALOG_COMPILER_APPICON_NAME = AppIcon;
				CODE_SIGN_STYLE = Automatic;
				DEVELOPMENT_ASSET_PATHS = "\"SwiftUI_3rd_test/Preview Content\"";
				DEVELOPMENT_TEAM = 9RZ227D96G;
				ENABLE_PREVIEWS = YES;
				INFOPLIST_FILE = SwiftUI_3rd_test/Info.plist;
				LD_RUNPATH_SEARCH_PATHS = (
					"$(inherited)",
					"@executable_path/Frameworks",
				);
				PRODUCT_BUNDLE_IDENTIFIER = "com.bigmsg.SwiftUI-3rd-test";
				PRODUCT_NAME = "$(TARGET_NAME)";
				SWIFT_VERSION = 5.0;
				TARGETED_DEVICE_FAMILY = "1,2";
			};
			name = Debug;
		};
		33F2C21C2384FB87006405DE /* Release */ = {
			isa = XCBuildConfiguration;
			buildSettings = {
				ASSETCATALOG_COMPILER_APPICON_NAME = AppIcon;
				CODE_SIGN_STYLE = Automatic;
				DEVELOPMENT_ASSET_PATHS = "\"SwiftUI_3rd_test/Preview Content\"";
				DEVELOPMENT_TEAM = 9RZ227D96G;
				ENABLE_PREVIEWS = YES;
				INFOPLIST_FILE = SwiftUI_3rd_test/Info.plist;
				LD_RUNPATH_SEARCH_PATHS = (
					"$(inherited)",
					"@executable_path/Frameworks",
				);
				PRODUCT_BUNDLE_IDENTIFIER = "com.bigmsg.SwiftUI-3rd-test";
				PRODUCT_NAME = "$(TARGET_NAME)";
				SWIFT_VERSION = 5.0;
				TARGETED_DEVICE_FAMILY = "1,2";
			};
			name = Release;
		};
/* End XCBuildConfiguration section */

/* Begin XCConfigurationList section */
		33F2C2012384FB85006405DE /* Build configuration list for PBXProject "SwiftUI_3rd_test" */ = {
			isa = XCConfigurationList;
			buildConfigurations = (
				33F2C2182384FB87006405DE /* Debug */,
				33F2C2192384FB87006405DE /* Release */,
			);
			defaultConfigurationIsVisible = 0;
			defaultConfigurationName = Release;
		};
		33F2C21A2384FB87006405DE /* Build configuration list for PBXNativeTarget "SwiftUI_3rd_test" */ = {
			isa = XCConfigurationList;
			buildConfigurations = (
				33F2C21B2384FB87006405DE /* Debug */,
				33F2C21C2384FB87006405DE /* Release */,
			);
			defaultConfigurationIsVisible = 0;
			defaultConfigurationName = Release;
		};
/* End XCConfigurationList section */
	};
	rootObject = 33F2C1FE2384FB85006405DE /* Project object */;
}
